
Microsoft Visual Studio Solution File, Format Version 12.00
# Visual Studio Version 17
VisualStudioVersion = 17.5.33516.290
MinimumVisualStudioVersion = 10.0.40219.1
Project("{9A19103F-16F7-4668-BE54-9A1E7A4F7556}") = "AXERP.API.Functions", "AXERP.API.Functions\AXERP.API.Functions.csproj", "{D5AADA63-578C-4362-87C7-5DAF17DD517C}"
EndProject
Project("{9A19103F-16F7-4668-BE54-9A1E7A4F7556}") = "AXERP.API.GoogleHelper", "AXERP.API.GoogleHelper\AXERP.API.GoogleHelper.csproj", "{793A21C6-FE74-4758-BDF1-410CAEE1693C}"
EndProject
Project("{9A19103F-16F7-4668-BE54-9A1E7A4F7556}") = "AXERP.API.Domain", "AXERP.API.Domain\AXERP.API.Domain.csproj", "{4CB0084A-4C80-49A2-A2DC-DA748495EEE0}"
EndProject
Project("{FAE04EC0-301F-11D3-BF4B-00C04F79EFBC}") = "AXERP.API.Business", "AXERP.API.Business\AXERP.API.Business.csproj", "{696D330C-24E1-4676-AE10-D3E1B01F6406}"
EndProject
Global
	GlobalSection(SolutionConfigurationPlatforms) = preSolution
		Debug|Any CPU = Debug|Any CPU
		Release|Any CPU = Release|Any CPU
	EndGlobalSection
	GlobalSection(ProjectConfigurationPlatforms) = postSolution
		{D5AADA63-578C-4362-87C7-5DAF17DD517C}.Debug|Any CPU.ActiveCfg = Debug|Any CPU
		{D5AADA63-578C-4362-87C7-5DAF17DD517C}.Debug|Any CPU.Build.0 = Debug|Any CPU
		{D5AADA63-578C-4362-87C7-5DAF17DD517C}.Release|Any CPU.ActiveCfg = Release|Any CPU
		{D5AADA63-578C-4362-87C7-5DAF17DD517C}.Release|Any CPU.Build.0 = Release|Any CPU
		{793A21C6-FE74-4758-BDF1-410CAEE1693C}.Debug|Any CPU.ActiveCfg = Debug|Any CPU
		{793A21C6-FE74-4758-BDF1-410CAEE1693C}.Debug|Any CPU.Build.0 = Debug|Any CPU
		{793A21C6-FE74-4758-BDF1-410CAEE1693C}.Release|Any CPU.ActiveCfg = Release|Any CPU
		{793A21C6-FE74-4758-BDF1-410CAEE1693C}.Release|Any CPU.Build.0 = Release|Any CPU
		{4CB0084A-4C80-49A2-A2DC-DA748495EEE0}.Debug|Any CPU.ActiveCfg = Debug|Any CPU
		{4CB0084A-4C80-49A2-A2DC-DA748495EEE0}.Debug|Any CPU.Build.0 = Debug|Any CPU
		{4CB0084A-4C80-49A2-A2DC-DA748495EEE0}.Release|Any CPU.ActiveCfg = Release|Any CPU
		{4CB0084A-4C80-49A2-A2DC-DA748495EEE0}.Release|Any CPU.Build.0 = Release|Any CPU
		{696D330C-24E1-4676-AE10-D3E1B01F6406}.Debug|Any CPU.ActiveCfg = Debug|Any CPU
		{696D330C-24E1-4676-AE10-D3E1B01F6406}.Debug|Any CPU.Build.0 = Debug|Any CPU
		{696D330C-24E1-4676-AE10-D3E1B01F6406}.Release|Any CPU.ActiveCfg = Release|Any CPU
		{696D330C-24E1-4676-AE10-D3E1B01F6406}.Release|Any CPU.Build.0 = Release|Any CPU
	EndGlobalSection
	GlobalSection(SolutionProperties) = preSolution
		HideSolutionNode = FALSE
	EndGlobalSection
	GlobalSection(ExtensibilityGlobals) = postSolution
		SolutionGuid = {73E379E6-CE69-4713-9A7C-BCA57EFA015D}
	EndGlobalSection
EndGlobal
